
Microsoft Visual Studio Solution File, Format Version 12.00
# Visual Studio 15
VisualStudioVersion = 15.0.28307.421
MinimumVisualStudioVersion = 10.0.40219.1
Project("{9A19103F-16F7-4668-BE54-9A1E7A4F7556}") = "Brainz", "Brainz\Brainz.csproj", "{7C0E2FE8-CA7A-41B9-B0AE-244000419E95}"
EndProject
Project("{2150E333-8FDC-42A3-9474-1A3956D46DE8}") = "Solution Items", "Solution Items", "{554C4369-5AF1-405C-9702-062214795CB0}"
	ProjectSection(SolutionItems) = preProject
		LICENSE = LICENSE
		README.md = README.md
	EndProjectSection
EndProject
Global
	GlobalSection(SolutionConfigurationPlatforms) = preSolution
		Debug|Any CPU = Debug|Any CPU
		Release|Any CPU = Release|Any CPU
	EndGlobalSection
	GlobalSection(ProjectConfigurationPlatforms) = postSolution
		{7C0E2FE8-CA7A-41B9-B0AE-244000419E95}.Debug|Any CPU.ActiveCfg = Debug|Any CPU
		{7C0E2FE8-CA7A-41B9-B0AE-244000419E95}.Debug|Any CPU.Build.0 = Debug|Any CPU
		{7C0E2FE8-CA7A-41B9-B0AE-244000419E95}.Release|Any CPU.ActiveCfg = Release|Any CPU
		{7C0E2FE8-CA7A-41B9-B0AE-244000419E95}.Release|Any CPU.Build.0 = Release|Any CPU
	EndGlobalSection
	GlobalSection(SolutionProperties) = preSolution
		HideSolutionNode = FALSE
	EndGlobalSection
	GlobalSection(ExtensibilityGlobals) = postSolution
		SolutionGuid = {D2E1488D-9C4C-4F47-8851-1C4D54614428}
	EndGlobalSection
EndGlobal
